
Microsoft Visual Studio Solution File, Format Version 12.00
# Visual Studio Version 17
VisualStudioVersion = 17.7.34202.233
MinimumVisualStudioVersion = 10.0.40219.1
Project("{FAE04EC0-301F-11D3-BF4B-00C04F79EFBC}") = "eTickets", "eTickets\eTickets.csproj", "{AE1AB6CD-24FF-424C-8C52-6FC6445498DB}"
EndProject
Global
	GlobalSection(SolutionConfigurationPlatforms) = preSolution
		Debug|Any CPU = Debug|Any CPU
		Release|Any CPU = Release|Any CPU
	EndGlobalSection
	GlobalSection(ProjectConfigurationPlatforms) = postSolution
		{AE1AB6CD-24FF-424C-8C52-6FC6445498DB}.Debug|Any CPU.ActiveCfg = Debug|Any CPU
		{AE1AB6CD-24FF-424C-8C52-6FC6445498DB}.Debug|Any CPU.Build.0 = Debug|Any CPU
		{AE1AB6CD-24FF-424C-8C52-6FC6445498DB}.Release|Any CPU.ActiveCfg = Release|Any CPU
		{AE1AB6CD-24FF-424C-8C52-6FC6445498DB}.Release|Any CPU.Build.0 = Release|Any CPU
	EndGlobalSection
	GlobalSection(SolutionProperties) = preSolution
		HideSolutionNode = FALSE
	EndGlobalSection
	GlobalSection(ExtensibilityGlobals) = postSolution
		SolutionGuid = {7D502A19-57BF-4BDC-8ED6-031FEB42997E}
	EndGlobalSection
EndGlobal
